
Microsoft Visual Studio Solution File, Format Version 12.00
# Visual Studio Version 17
VisualStudioVersion = 17.1.32414.318
MinimumVisualStudioVersion = 10.0.40219.1
Project("{FAE04EC0-301F-11D3-BF4B-00C04F79EFBC}") = "LibraryManagementSystem", "LibraryManagementSystem\LibraryManagementSystem.csproj", "{6CEBD4C8-1AF8-4EFA-980D-E30D127ABD71}"
EndProject
Global
	GlobalSection(SolutionConfigurationPlatforms) = preSolution
		Debug|Any CPU = Debug|Any CPU
		Release|Any CPU = Release|Any CPU
	EndGlobalSection
	GlobalSection(ProjectConfigurationPlatforms) = postSolution
		{6CEBD4C8-1AF8-4EFA-980D-E30D127ABD71}.Debug|Any CPU.ActiveCfg = Debug|Any CPU
		{6CEBD4C8-1AF8-4EFA-980D-E30D127ABD71}.Debug|Any CPU.Build.0 = Debug|Any CPU
		{6CEBD4C8-1AF8-4EFA-980D-E30D127ABD71}.Release|Any CPU.ActiveCfg = Release|Any CPU
		{6CEBD4C8-1AF8-4EFA-980D-E30D127ABD71}.Release|Any CPU.Build.0 = Release|Any CPU
	EndGlobalSection
	GlobalSection(SolutionProperties) = preSolution
		HideSolutionNode = FALSE
	EndGlobalSection
	GlobalSection(ExtensibilityGlobals) = postSolution
		SolutionGuid = {196CBE23-ABC7-4B9E-AB8D-EACC8D8BE520}
	EndGlobalSection
EndGlobal
